// !$*UTF8*$!
{
	archiveVersion = 1;
	classes = {
	};
	objectVersion = 77;
	objects = {

/* Begin PBXBuildFile section */
		A3B775582E1AAB1C006CF074 /* Podfile in Resources */ = {isa = PBXBuildFile; fileRef = A3B775572E1AAB16006CF074 /* Podfile */; };
		D99B7E3CAA5B548698A8B536 /* Pods_Core_Flutter_NativeSide.framework in Frameworks */ = {isa = PBXBuildFile; fileRef = 6BDCA8924888692031EE4B16 /* Pods_Core_Flutter_NativeSide.framework */; };
/* End PBXBuildFile section */

/* Begin PBXContainerItemProxy section */
		A3B774FE2E191FA0006CF074 /* PBXContainerItemProxy */ = {
			isa = PBXContainerItemProxy;
			containerPortal = A3B774DF2E191F9F006CF074 /* Project object */;
			proxyType = 1;
			remoteGlobalIDString = A3B774E62E191F9F006CF074;
			remoteInfo = Core_Flutter_NativeSide;
		};
		A3B775082E191FA0006CF074 /* PBXContainerItemProxy */ = {
			isa = PBXContainerItemProxy;
			containerPortal = A3B774DF2E191F9F006CF074 /* Project object */;
			proxyType = 1;
			remoteGlobalIDString = A3B774E62E191F9F006CF074;
			remoteInfo = Core_Flutter_NativeSide;
		};
/* End PBXContainerItemProxy section */

/* Begin PBXFileReference section */
		5CABE56A80EF0E891A64E734 /* Pods-Core_Flutter_NativeSide.debug.xcconfig */ = {isa = PBXFileReference; includeInIndex = 1; lastKnownFileType = text.xcconfig; name = "Pods-Core_Flutter_NativeSide.debug.xcconfig"; path = "Target Support Files/Pods-Core_Flutter_NativeSide/Pods-Core_Flutter_NativeSide.debug.xcconfig"; sourceTree = "<group>"; };
		6BDCA8924888692031EE4B16 /* Pods_Core_Flutter_NativeSide.framework */ = {isa = PBXFileReference; explicitFileType = wrapper.framework; includeInIndex = 0; path = Pods_Core_Flutter_NativeSide.framework; sourceTree = BUILT_PRODUCTS_DIR; };
		A3B774E72E191F9F006CF074 /* Core_Flutter_NativeSide.app */ = {isa = PBXFileReference; explicitFileType = wrapper.application; includeInIndex = 0; path = Core_Flutter_NativeSide.app; sourceTree = BUILT_PRODUCTS_DIR; };
		A3B774FD2E191FA0006CF074 /* Core_Flutter_NativeSideTests.xctest */ = {isa = PBXFileReference; explicitFileType = wrapper.cfbundle; includeInIndex = 0; path = Core_Flutter_NativeSideTests.xctest; sourceTree = BUILT_PRODUCTS_DIR; };
		A3B775072E191FA0006CF074 /* Core_Flutter_NativeSideUITests.xctest */ = {isa = PBXFileReference; explicitFileType = wrapper.cfbundle; includeInIndex = 0; path = Core_Flutter_NativeSideUITests.xctest; sourceTree = BUILT_PRODUCTS_DIR; };
		A3B775572E1AAB16006CF074 /* Podfile */ = {isa = PBXFileReference; lastKnownFileType = text; path = Podfile; sourceTree = "<group>"; xcLanguageSpecificationIdentifier = xcode.lang.ruby; };
		E34CF03077D9E14767673261 /* Pods-Core_Flutter_NativeSide.release.xcconfig */ = {isa = PBXFileReference; includeInIndex = 1; lastKnownFileType = text.xcconfig; name = "Pods-Core_Flutter_NativeSide.release.xcconfig"; path = "Target Support Files/Pods-Core_Flutter_NativeSide/Pods-Core_Flutter_NativeSide.release.xcconfig"; sourceTree = "<group>"; };
/* End PBXFileReference section */

/* Begin PBXFileSystemSynchronizedBuildFileExceptionSet section */
		A3B7750F2E191FA0006CF074 /* Exceptions for "Core_Flutter_NativeSide" folder in "Core_Flutter_NativeSide" target */ = {
			isa = PBXFileSystemSynchronizedBuildFileExceptionSet;
			membershipExceptions = (
				Info.plist,
			);
			target = A3B774E62E191F9F006CF074 /* Core_Flutter_NativeSide */;
		};
/* End PBXFileSystemSynchronizedBuildFileExceptionSet section */

/* Begin PBXFileSystemSynchronizedRootGroup section */
		A3B774E92E191F9F006CF074 /* Core_Flutter_NativeSide */ = {
			isa = PBXFileSystemSynchronizedRootGroup;
			exceptions = (
				A3B7750F2E191FA0006CF074 /* Exceptions for "Core_Flutter_NativeSide" folder in "Core_Flutter_NativeSide" target */,
			);
			path = Core_Flutter_NativeSide;
			sourceTree = "<group>";
		};
		A3B775002E191FA0006CF074 /* Core_Flutter_NativeSideTests */ = {
			isa = PBXFileSystemSynchronizedRootGroup;
			path = Core_Flutter_NativeSideTests;
			sourceTree = "<group>";
		};
		A3B7750A2E191FA0006CF074 /* Core_Flutter_NativeSideUITests */ = {
			isa = PBXFileSystemSynchronizedRootGroup;
			path = Core_Flutter_NativeSideUITests;
			sourceTree = "<group>";
		};
/* End PBXFileSystemSynchronizedRootGroup section */

/* Begin PBXFrameworksBuildPhase section */
		A3B774E42E191F9F006CF074 /* Frameworks */ = {
			isa = PBXFrameworksBuildPhase;
			buildActionMask = 2147483647;
			files = (
				D99B7E3CAA5B548698A8B536 /* Pods_Core_Flutter_NativeSide.framework in Frameworks */,
			);
			runOnlyForDeploymentPostprocessing = 0;
		};
		A3B774FA2E191FA0006CF074 /* Frameworks */ = {
			isa = PBXFrameworksBuildPhase;
			buildActionMask = 2147483647;
			files = (
			);
			runOnlyForDeploymentPostprocessing = 0;
		};
		A3B775042E191FA0006CF074 /* Frameworks */ = {
			isa = PBXFrameworksBuildPhase;
			buildActionMask = 2147483647;
			files = (
			);
			runOnlyForDeploymentPostprocessing = 0;
		};
/* End PBXFrameworksBuildPhase section */

/* Begin PBXGroup section */
		051ABD149BB3855025DC956E /* Frameworks */ = {
			isa = PBXGroup;
			children = (
				6BDCA8924888692031EE4B16 /* Pods_Core_Flutter_NativeSide.framework */,
			);
			name = Frameworks;
			sourceTree = "<group>";
		};
		A3B774DE2E191F9F006CF074 = {
			isa = PBXGroup;
			children = (
				A3B775572E1AAB16006CF074 /* Podfile */,
				A3B774E92E191F9F006CF074 /* Core_Flutter_NativeSide */,
				A3B775002E191FA0006CF074 /* Core_Flutter_NativeSideTests */,
				A3B7750A2E191FA0006CF074 /* Core_Flutter_NativeSideUITests */,
				A3B774E82E191F9F006CF074 /* Products */,
				DE892AB867B08731B22A3D47 /* Pods */,
				051ABD149BB3855025DC956E /* Frameworks */,
			);
			sourceTree = "<group>";
		};
		A3B774E82E191F9F006CF074 /* Products */ = {
			isa = PBXGroup;
			children = (
				A3B774E72E191F9F006CF074 /* Core_Flutter_NativeSide.app */,
				A3B774FD2E191FA0006CF074 /* Core_Flutter_NativeSideTests.xctest */,
				A3B775072E191FA0006CF074 /* Core_Flutter_NativeSideUITests.xctest */,
			);
			name = Products;
			sourceTree = "<group>";
		};
		DE892AB867B08731B22A3D47 /* Pods */ = {
			isa = PBXGroup;
			children = (
				5CABE56A80EF0E891A64E734 /* Pods-Core_Flutter_NativeSide.debug.xcconfig */,
				E34CF03077D9E14767673261 /* Pods-Core_Flutter_NativeSide.release.xcconfig */,
			);
			path = Pods;
			sourceTree = "<group>";
		};
/* End PBXGroup section */

/* Begin PBXNativeTarget section */
		A3B774E62E191F9F006CF074 /* Core_Flutter_NativeSide */ = {
			isa = PBXNativeTarget;
			buildConfigurationList = A3B775102E191FA0006CF074 /* Build configuration list for PBXNativeTarget "Core_Flutter_NativeSide" */;
			buildPhases = (
				0175F043A740E0F380E5054F /* [CP] Check Pods Manifest.lock */,
				AEFC609F3F39CCD4C339A5DD /* [CP-User] Run Flutter Build core_flutter_flutterside Script */,
				A3B774E32E191F9F006CF074 /* Sources */,
				A3B774E42E191F9F006CF074 /* Frameworks */,
				A3B774E52E191F9F006CF074 /* Resources */,
				9F1AED651FCA594B945581B1 /* [CP-User] Embed Flutter Build core_flutter_flutterside Script */,
			);
			buildRules = (
			);
			dependencies = (
			);
			fileSystemSynchronizedGroups = (
				A3B774E92E191F9F006CF074 /* Core_Flutter_NativeSide */,
			);
			name = Core_Flutter_NativeSide;
			productName = Core_Flutter_NativeSide;
			productReference = A3B774E72E191F9F006CF074 /* Core_Flutter_NativeSide.app */;
			productType = "com.apple.product-type.application";
		};
		A3B774FC2E191FA0006CF074 /* Core_Flutter_NativeSideTests */ = {
			isa = PBXNativeTarget;
			buildConfigurationList = A3B775152E191FA0006CF074 /* Build configuration list for PBXNativeTarget "Core_Flutter_NativeSideTests" */;
			buildPhases = (
				A3B774F92E191FA0006CF074 /* Sources */,
				A3B774FA2E191FA0006CF074 /* Frameworks */,
				A3B774FB2E191FA0006CF074 /* Resources */,
			);
			buildRules = (
			);
			dependencies = (
				A3B774FF2E191FA0006CF074 /* PBXTargetDependency */,
			);
			fileSystemSynchronizedGroups = (
				A3B775002E191FA0006CF074 /* Core_Flutter_NativeSideTests */,
			);
			name = Core_Flutter_NativeSideTests;
			productName = Core_Flutter_NativeSideTests;
			productReference = A3B774FD2E191FA0006CF074 /* Core_Flutter_NativeSideTests.xctest */;
			productType = "com.apple.product-type.bundle.unit-test";
		};
		A3B775062E191FA0006CF074 /* Core_Flutter_NativeSideUITests */ = {
			isa = PBXNativeTarget;
			buildConfigurationList = A3B775182E191FA0006CF074 /* Build configuration list for PBXNativeTarget "Core_Flutter_NativeSideUITests" */;
			buildPhases = (
				A3B775032E191FA0006CF074 /* Sources */,
				A3B775042E191FA0006CF074 /* Frameworks */,
				A3B775052E191FA0006CF074 /* Resources */,
			);
			buildRules = (
			);
			dependencies = (
				A3B775092E191FA0006CF074 /* PBXTargetDependency */,
			);
			fileSystemSynchronizedGroups = (
				A3B7750A2E191FA0006CF074 /* Core_Flutter_NativeSideUITests */,
			);
			name = Core_Flutter_NativeSideUITests;
			productName = Core_Flutter_NativeSideUITests;
			productReference = A3B775072E191FA0006CF074 /* Core_Flutter_NativeSideUITests.xctest */;
			productType = "com.apple.product-type.bundle.ui-testing";
		};
/* End PBXNativeTarget section */

/* Begin PBXProject section */
		A3B774DF2E191F9F006CF074 /* Project object */ = {
			isa = PBXProject;
			attributes = {
				BuildIndependentTargetsInParallel = 1;
				LastSwiftUpdateCheck = 1610;
				LastUpgradeCheck = 1610;
				TargetAttributes = {
					A3B774E62E191F9F006CF074 = {
						CreatedOnToolsVersion = 16.1;
					};
					A3B774FC2E191FA0006CF074 = {
						CreatedOnToolsVersion = 16.1;
						TestTargetID = A3B774E62E191F9F006CF074;
					};
					A3B775062E191FA0006CF074 = {
						CreatedOnToolsVersion = 16.1;
						TestTargetID = A3B774E62E191F9F006CF074;
					};
				};
			};
			buildConfigurationList = A3B774E22E191F9F006CF074 /* Build configuration list for PBXProject "Core_Flutter_NativeSide" */;
			developmentRegion = en;
			hasScannedForEncodings = 0;
			knownRegions = (
				en,
				Base,
			);
			mainGroup = A3B774DE2E191F9F006CF074;
			minimizedProjectReferenceProxies = 1;
			preferredProjectObjectVersion = 77;
			productRefGroup = A3B774E82E191F9F006CF074 /* Products */;
			projectDirPath = "";
			projectRoot = "";
			targets = (
				A3B774E62E191F9F006CF074 /* Core_Flutter_NativeSide */,
				A3B774FC2E191FA0006CF074 /* Core_Flutter_NativeSideTests */,
				A3B775062E191FA0006CF074 /* Core_Flutter_NativeSideUITests */,
			);
		};
/* End PBXProject section */

/* Begin PBXResourcesBuildPhase section */
		A3B774E52E191F9F006CF074 /* Resources */ = {
			isa = PBXResourcesBuildPhase;
			buildActionMask = 2147483647;
			files = (
				A3B775582E1AAB1C006CF074 /* Podfile in Resources */,
			);
			runOnlyForDeploymentPostprocessing = 0;
		};
		A3B774FB2E191FA0006CF074 /* Resources */ = {
			isa = PBXResourcesBuildPhase;
			buildActionMask = 2147483647;
			files = (
			);
			runOnlyForDeploymentPostprocessing = 0;
		};
		A3B775052E191FA0006CF074 /* Resources */ = {
			isa = PBXResourcesBuildPhase;
			buildActionMask = 2147483647;
			files = (
			);
			runOnlyForDeploymentPostprocessing = 0;
		};
/* End PBXResourcesBuildPhase section */

/* Begin PBXShellScriptBuildPhase section */
		0175F043A740E0F380E5054F /* [CP] Check Pods Manifest.lock */ = {
			isa = PBXShellScriptBuildPhase;
			buildActionMask = 2147483647;
			files = (
			);
			inputFileListPaths = (
			);
			inputPaths = (
				"${PODS_PODFILE_DIR_PATH}/Podfile.lock",
				"${PODS_ROOT}/Manifest.lock",
			);
			name = "[CP] Check Pods Manifest.lock";
			outputFileListPaths = (
			);
			outputPaths = (
				"$(DERIVED_FILE_DIR)/Pods-Core_Flutter_NativeSide-checkManifestLockResult.txt",
			);
			runOnlyForDeploymentPostprocessing = 0;
			shellPath = /bin/sh;
			shellScript = "diff \"${PODS_PODFILE_DIR_PATH}/Podfile.lock\" \"${PODS_ROOT}/Manifest.lock\" > /dev/null\nif [ $? != 0 ] ; then\n    # print error to STDERR\n    echo \"error: The sandbox is not in sync with the Podfile.lock. Run 'pod install' or update your CocoaPods installation.\" >&2\n    exit 1\nfi\n# This output is used by Xcode 'outputs' to avoid re-running this script phase.\necho \"SUCCESS\" > \"${SCRIPT_OUTPUT_FILE_0}\"\n";
			showEnvVarsInLog = 0;
		};
		9F1AED651FCA594B945581B1 /* [CP-User] Embed Flutter Build core_flutter_flutterside Script */ = {
			isa = PBXShellScriptBuildPhase;
			buildActionMask = 2147483647;
			files = (
			);
			name = "[CP-User] Embed Flutter Build core_flutter_flutterside Script";
			runOnlyForDeploymentPostprocessing = 0;
			shellPath = /bin/sh;
			shellScript = "set -e\nset -u\nsource \"${SRCROOT}/../core_flutter_flutterside/.ios/Flutter/flutter_export_environment.sh\"\nexport VERBOSE_SCRIPT_LOGGING=1 && \"$FLUTTER_ROOT\"/packages/flutter_tools/bin/xcode_backend.sh embed_and_thin";
		};
		AEFC609F3F39CCD4C339A5DD /* [CP-User] Run Flutter Build core_flutter_flutterside Script */ = {
			isa = PBXShellScriptBuildPhase;
			buildActionMask = 2147483647;
			files = (
			);
			name = "[CP-User] Run Flutter Build core_flutter_flutterside Script";
			runOnlyForDeploymentPostprocessing = 0;
			shellPath = /bin/sh;
			shellScript = "set -e\nset -u\nsource \"${SRCROOT}/../core_flutter_flutterside/.ios/Flutter/flutter_export_environment.sh\"\nexport VERBOSE_SCRIPT_LOGGING=1 && \"$FLUTTER_ROOT\"/packages/flutter_tools/bin/xcode_backend.sh build";
		};
/* End PBXShellScriptBuildPhase section */

/* Begin PBXSourcesBuildPhase section */
		A3B774E32E191F9F006CF074 /* Sources */ = {
			isa = PBXSourcesBuildPhase;
			buildActionMask = 2147483647;
			files = (
			);
			runOnlyForDeploymentPostprocessing = 0;
		};
		A3B774F92E191FA0006CF074 /* Sources */ = {
			isa = PBXSourcesBuildPhase;
			buildActionMask = 2147483647;
			files = (
			);
			runOnlyForDeploymentPostprocessing = 0;
		};
		A3B775032E191FA0006CF074 /* Sources */ = {
			isa = PBXSourcesBuildPhase;
			buildActionMask = 2147483647;
			files = (
			);
			runOnlyForDeploymentPostprocessing = 0;
		};
/* End PBXSourcesBuildPhase section */

/* Begin PBXTargetDependency section */
		A3B774FF2E191FA0006CF074 /* PBXTargetDependency */ = {
			isa = PBXTargetDependency;
			target = A3B774E62E191F9F006CF074 /* Core_Flutter_NativeSide */;
			targetProxy = A3B774FE2E191FA0006CF074 /* PBXContainerItemProxy */;
		};
		A3B775092E191FA0006CF074 /* PBXTargetDependency */ = {
			isa = PBXTargetDependency;
			target = A3B774E62E191F9F006CF074 /* Core_Flutter_NativeSide */;
			targetProxy = A3B775082E191FA0006CF074 /* PBXContainerItemProxy */;
		};
/* End PBXTargetDependency section */

/* Begin XCBuildConfiguration section */
		A3B775112E191FA0006CF074 /* Debug */ = {
			isa = XCBuildConfiguration;
			baseConfigurationReference = 5CABE56A80EF0E891A64E734 /* Pods-Core_Flutter_NativeSide.debug.xcconfig */;
			buildSettings = {
				ASSETCATALOG_COMPILER_APPICON_NAME = AppIcon;
				ASSETCATALOG_COMPILER_GLOBAL_ACCENT_COLOR_NAME = AccentColor;
				CODE_SIGN_STYLE = Automatic;
				CURRENT_PROJECT_VERSION = 1;
				DEVELOPMENT_TEAM = 76R68ZMQGR;
				GENERATE_INFOPLIST_FILE = YES;
				INFOPLIST_FILE = Core_Flutter_NativeSide/Info.plist;
				INFOPLIST_KEY_UIApplicationSupportsIndirectInputEvents = YES;
				INFOPLIST_KEY_UILaunchStoryboardName = LaunchScreen;
				INFOPLIST_KEY_UISupportedInterfaceOrientations_iPad = "UIInterfaceOrientationPortrait UIInterfaceOrientationPortraitUpsideDown UIInterfaceOrientationLandscapeLeft UIInterfaceOrientationLandscapeRight";
				INFOPLIST_KEY_UISupportedInterfaceOrientations_iPhone = "UIInterfaceOrientationPortrait UIInterfaceOrientationLandscapeLeft UIInterfaceOrientationLandscapeRight";
				LD_RUNPATH_SEARCH_PATHS = (
					"$(inherited)",
					"@executable_path/Frameworks",
				);
				MARKETING_VERSION = 1.0;
				PRODUCT_BUNDLE_IDENTIFIER = "natasharadika.Core-Flutter-NativeSide";
				PRODUCT_NAME = "$(TARGET_NAME)";
				SWIFT_EMIT_LOC_STRINGS = YES;
				SWIFT_VERSION = 5.0;
				TARGETED_DEVICE_FAMILY = "1,2";
			};
			name = Debug;
		};
		A3B775122E191FA0006CF074 /* Release */ = {
			isa = XCBuildConfiguration;
			baseConfigurationReference = E34CF03077D9E14767673261 /* Pods-Core_Flutter_NativeSide.release.xcconfig */;
			buildSettings = {
				ASSETCATALOG_COMPILER_APPICON_NAME = AppIcon;
				ASSETCATALOG_COMPILER_GLOBAL_ACCENT_COLOR_NAME = AccentColor;
				CODE_SIGN_STYLE = Automatic;
				CURRENT_PROJECT_VERSION = 1;
				DEVELOPMENT_TEAM = 76R68ZMQGR;
				GENERATE_INFOPLIST_FILE = YES;
				INFOPLIST_FILE = Core_Flutter_NativeSide/Info.plist;
				INFOPLIST_KEY_UIApplicationSupportsIndirectInputEvents = YES;
				INFOPLIST_KEY_UILaunchStoryboardName = LaunchScreen;
				INFOPLIST_KEY_UISupportedInterfaceOrientations_iPad = "UIInterfaceOrientationPortrait UIInterfaceOrientationPortraitUpsideDown UIInterfaceOrientationLandscapeLeft UIInterfaceOrientationLandscapeRight";
				INFOPLIST_KEY_UISupportedInterfaceOrientations_iPhone = "UIInterfaceOrientationPortrait UIInterfaceOrientationLandscapeLeft UIInterfaceOrientationLandscapeRight";
				LD_RUNPATH_SEARCH_PATHS = (
					"$(inherited)",
					"@executable_path/Frameworks",
				);
				MARKETING_VERSION = 1.0;
				PRODUCT_BUNDLE_IDENTIFIER = "natasharadika.Core-Flutter-NativeSide";
				PRODUCT_NAME = "$(TARGET_NAME)";
				SWIFT_EMIT_LOC_STRINGS = YES;
				SWIFT_VERSION = 5.0;
				TARGETED_DEVICE_FAMILY = "1,2";
			};
			name = Release;
		};
		A3B775132E191FA0006CF074 /* Debug */ = {
			isa = XCBuildConfiguration;
			buildSettings = {
				ALWAYS_SEARCH_USER_PATHS = NO;
				ASSETCATALOG_COMPILER_GENERATE_SWIFT_ASSET_SYMBOL_EXTENSIONS = YES;
				CLANG_ANALYZER_NONNULL = YES;
				CLANG_ANALYZER_NUMBER_OBJECT_CONVERSION = YES_AGGRESSIVE;
				CLANG_CXX_LANGUAGE_STANDARD = "gnu++20";
				CLANG_ENABLE_MODULES = YES;
				CLANG_ENABLE_OBJC_ARC = YES;
				CLANG_ENABLE_OBJC_WEAK = YES;
				CLANG_WARN_BLOCK_CAPTURE_AUTORELEASING = YES;
				CLANG_WARN_BOOL_CONVERSION = YES;
				CLANG_WARN_COMMA = YES;
				CLANG_WARN_CONSTANT_CONVERSION = YES;
				CLANG_WARN_DEPRECATED_OBJC_IMPLEMENTATIONS = YES;
				CLANG_WARN_DIRECT_OBJC_ISA_USAGE = YES_ERROR;
				CLANG_WARN_DOCUMENTATION_COMMENTS = YES;
				CLANG_WARN_EMPTY_BODY = YES;
				CLANG_WARN_ENUM_CONVERSION = YES;
				CLANG_WARN_INFINITE_RECURSION = YES;
				CLANG_WARN_INT_CONVERSION = YES;
				CLANG_WARN_NON_LITERAL_NULL_CONVERSION = YES;
				CLANG_WARN_OBJC_IMPLICIT_RETAIN_SELF = YES;
				CLANG_WARN_OBJC_LITERAL_CONVERSION = YES;
				CLANG_WARN_OBJC_ROOT_CLASS = YES_ERROR;
				CLANG_WARN_QUOTED_INCLUDE_IN_FRAMEWORK_HEADER = YES;
				CLANG_WARN_RANGE_LOOP_ANALYSIS = YES;
				CLANG_WARN_STRICT_PROTOTYPES = YES;
				CLANG_WARN_SUSPICIOUS_MOVE = YES;
				CLANG_WARN_UNGUARDED_AVAILABILITY = YES_AGGRESSIVE;
				CLANG_WARN_UNREACHABLE_CODE = YES;
				CLANG_WARN__DUPLICATE_METHOD_MATCH = YES;
				COPY_PHASE_STRIP = NO;
				DEBUG_INFORMATION_FORMAT = dwarf;
				ENABLE_STRICT_OBJC_MSGSEND = YES;
				ENABLE_TESTABILITY = YES;
				ENABLE_USER_SCRIPT_SANDBOXING = NO;
				GCC_C_LANGUAGE_STANDARD = gnu17;
				GCC_DYNAMIC_NO_PIC = NO;
				GCC_NO_COMMON_BLOCKS = YES;
				GCC_OPTIMIZATION_LEVEL = 0;
				GCC_PREPROCESSOR_DEFINITIONS = (
					"DEBUG=1",
					"$(inherited)",
				);
				GCC_WARN_64_TO_32_BIT_CONVERSION = YES;
				GCC_WARN_ABOUT_RETURN_TYPE = YES_ERROR;
				GCC_WARN_UNDECLARED_SELECTOR = YES;
				GCC_WARN_UNINITIALIZED_AUTOS = YES_AGGRESSIVE;
				GCC_WARN_UNUSED_FUNCTION = YES;
				GCC_WARN_UNUSED_VARIABLE = YES;
				IPHONEOS_DEPLOYMENT_TARGET = 18.1;
				LOCALIZATION_PREFERS_STRING_CATALOGS = YES;
				MTL_ENABLE_DEBUG_INFO = INCLUDE_SOURCE;
				MTL_FAST_MATH = YES;
				ONLY_ACTIVE_ARCH = YES;
				SDKROOT = iphoneos;
				SWIFT_ACTIVE_COMPILATION_CONDITIONS = "DEBUG $(inherited)";
				SWIFT_OPTIMIZATION_LEVEL = "-Onone";
			};
			name = Debug;
		};
		A3B775142E191FA0006CF074 /* Release */ = {
			isa = XCBuildConfiguration;
			buildSettings = {
				ALWAYS_SEARCH_USER_PATHS = NO;
				ASSETCATALOG_COMPILER_GENERATE_SWIFT_ASSET_SYMBOL_EXTENSIONS = YES;
				CLANG_ANALYZER_NONNULL = YES;
				CLANG_ANALYZER_NUMBER_OBJECT_CONVERSION = YES_AGGRESSIVE;
				CLANG_CXX_LANGUAGE_STANDARD = "gnu++20";
				CLANG_ENABLE_MODULES = YES;
				CLANG_ENABLE_OBJC_ARC = YES;
				CLANG_ENABLE_OBJC_WEAK = YES;
				CLANG_WARN_BLOCK_CAPTURE_AUTORELEASING = YES;
				CLANG_WARN_BOOL_CONVERSION = YES;
				CLANG_WARN_COMMA = YES;
				CLANG_WARN_CONSTANT_CONVERSION = YES;
				CLANG_WARN_DEPRECATED_OBJC_IMPLEMENTATIONS = YES;
				CLANG_WARN_DIRECT_OBJC_ISA_USAGE = YES_ERROR;
				CLANG_WARN_DOCUMENTATION_COMMENTS = YES;
				CLANG_WARN_EMPTY_BODY = YES;
				CLANG_WARN_ENUM_CONVERSION = YES;
				CLANG_WARN_INFINITE_RECURSION = YES;
				CLANG_WARN_INT_CONVERSION = YES;
				CLANG_WARN_NON_LITERAL_NULL_CONVERSION = YES;
				CLANG_WARN_OBJC_IMPLICIT_RETAIN_SELF = YES;
				CLANG_WARN_OBJC_LITERAL_CONVERSION = YES;
				CLANG_WARN_OBJC_ROOT_CLASS = YES_ERROR;
				CLANG_WARN_QUOTED_INCLUDE_IN_FRAMEWORK_HEADER = YES;
				CLANG_WARN_RANGE_LOOP_ANALYSIS = YES;
				CLANG_WARN_STRICT_PROTOTYPES = YES;
				CLANG_WARN_SUSPICIOUS_MOVE = YES;
				CLANG_WARN_UNGUARDED_AVAILABILITY = YES_AGGRESSIVE;
				CLANG_WARN_UNREACHABLE_CODE = YES;
				CLANG_WARN__DUPLICATE_METHOD_MATCH = YES;
				COPY_PHASE_STRIP = NO;
				DEBUG_INFORMATION_FORMAT = "dwarf-with-dsym";
				ENABLE_NS_ASSERTIONS = NO;
				ENABLE_STRICT_OBJC_MSGSEND = YES;
				ENABLE_USER_SCRIPT_SANDBOXING = NO;
				GCC_C_LANGUAGE_STANDARD = gnu17;
				GCC_NO_COMMON_BLOCKS = YES;
				GCC_WARN_64_TO_32_BIT_CONVERSION = YES;
				GCC_WARN_ABOUT_RETURN_TYPE = YES_ERROR;
				GCC_WARN_UNDECLARED_SELECTOR = YES;
				GCC_WARN_UNINITIALIZED_AUTOS = YES_AGGRESSIVE;
				GCC_WARN_UNUSED_FUNCTION = YES;
				GCC_WARN_UNUSED_VARIABLE = YES;
				IPHONEOS_DEPLOYMENT_TARGET = 18.1;
				LOCALIZATION_PREFERS_STRING_CATALOGS = YES;
				MTL_ENABLE_DEBUG_INFO = NO;
				MTL_FAST_MATH = YES;
				SDKROOT = iphoneos;
				SWIFT_COMPILATION_MODE = wholemodule;
				VALIDATE_PRODUCT = YES;
			};
			name = Release;
		};
		A3B775162E191FA0006CF074 /* Debug */ = {
			isa = XCBuildConfiguration;
			buildSettings = {
				BUNDLE_LOADER = "$(TEST_HOST)";
				CODE_SIGN_STYLE = Automatic;
				CURRENT_PROJECT_VERSION = 1;
				DEVELOPMENT_TEAM = 76R68ZMQGR;
				GENERATE_INFOPLIST_FILE = YES;
				IPHONEOS_DEPLOYMENT_TARGET = 18.1;
				MARKETING_VERSION = 1.0;
				PRODUCT_BUNDLE_IDENTIFIER = "natasharadika.Core-Flutter-NativeSideTests";
				PRODUCT_NAME = "$(TARGET_NAME)";
				SWIFT_EMIT_LOC_STRINGS = NO;
				SWIFT_VERSION = 5.0;
				TARGETED_DEVICE_FAMILY = "1,2";
				TEST_HOST = "$(BUILT_PRODUCTS_DIR)/Core_Flutter_NativeSide.app/$(BUNDLE_EXECUTABLE_FOLDER_PATH)/Core_Flutter_NativeSide";
			};
			name = Debug;
		};
		A3B775172E191FA0006CF074 /* Release */ = {
			isa = XCBuildConfiguration;
			buildSettings = {
				BUNDLE_LOADER = "$(TEST_HOST)";
				CODE_SIGN_STYLE = Automatic;
				CURRENT_PROJECT_VERSION = 1;
				DEVELOPMENT_TEAM = 76R68ZMQGR;
				GENERATE_INFOPLIST_FILE = YES;
				IPHONEOS_DEPLOYMENT_TARGET = 18.1;
				MARKETING_VERSION = 1.0;
				PRODUCT_BUNDLE_IDENTIFIER = "natasharadika.Core-Flutter-NativeSideTests";
				PRODUCT_NAME = "$(TARGET_NAME)";
				SWIFT_EMIT_LOC_STRINGS = NO;
				SWIFT_VERSION = 5.0;
				TARGETED_DEVICE_FAMILY = "1,2";
				TEST_HOST = "$(BUILT_PRODUCTS_DIR)/Core_Flutter_NativeSide.app/$(BUNDLE_EXECUTABLE_FOLDER_PATH)/Core_Flutter_NativeSide";
			};
			name = Release;
		};
		A3B775192E191FA0006CF074 /* Debug */ = {
			isa = XCBuildConfiguration;
			buildSettings = {
				CODE_SIGN_STYLE = Automatic;
				CURRENT_PROJECT_VERSION = 1;
				DEVELOPMENT_TEAM = 76R68ZMQGR;
				GENERATE_INFOPLIST_FILE = YES;
				MARKETING_VERSION = 1.0;
				PRODUCT_BUNDLE_IDENTIFIER = "natasharadika.Core-Flutter-NativeSideUITests";
				PRODUCT_NAME = "$(TARGET_NAME)";
				SWIFT_EMIT_LOC_STRINGS = NO;
				SWIFT_VERSION = 5.0;
				TARGETED_DEVICE_FAMILY = "1,2";
				TEST_TARGET_NAME = Core_Flutter_NativeSide;
			};
			name = Debug;
		};
		A3B7751A2E191FA0006CF074 /* Release */ = {
			isa = XCBuildConfiguration;
			buildSettings = {
				CODE_SIGN_STYLE = Automatic;
				CURRENT_PROJECT_VERSION = 1;
				DEVELOPMENT_TEAM = 76R68ZMQGR;
				GENERATE_INFOPLIST_FILE = YES;
				MARKETING_VERSION = 1.0;
				PRODUCT_BUNDLE_IDENTIFIER = "natasharadika.Core-Flutter-NativeSideUITests";
				PRODUCT_NAME = "$(TARGET_NAME)";
				SWIFT_EMIT_LOC_STRINGS = NO;
				SWIFT_VERSION = 5.0;
				TARGETED_DEVICE_FAMILY = "1,2";
				TEST_TARGET_NAME = Core_Flutter_NativeSide;
			};
			name = Release;
		};
/* End XCBuildConfiguration section */

/* Begin XCConfigurationList section */
		A3B774E22E191F9F006CF074 /* Build configuration list for PBXProject "Core_Flutter_NativeSide" */ = {
			isa = XCConfigurationList;
			buildConfigurations = (
				A3B775132E191FA0006CF074 /* Debug */,
				A3B775142E191FA0006CF074 /* Release */,
			);
			defaultConfigurationIsVisible = 0;
			defaultConfigurationName = Release;
		};
		A3B775102E191FA0006CF074 /* Build configuration list for PBXNativeTarget "Core_Flutter_NativeSide" */ = {
			isa = XCConfigurationList;
			buildConfigurations = (
				A3B775112E191FA0006CF074 /* Debug */,
				A3B775122E191FA0006CF074 /* Release */,
			);
			defaultConfigurationIsVisible = 0;
			defaultConfigurationName = Release;
		};
		A3B775152E191FA0006CF074 /* Build configuration list for PBXNativeTarget "Core_Flutter_NativeSideTests" */ = {
			isa = XCConfigurationList;
			buildConfigurations = (
				A3B775162E191FA0006CF074 /* Debug */,
				A3B775172E191FA0006CF074 /* Release */,
			);
			defaultConfigurationIsVisible = 0;
			defaultConfigurationName = Release;
		};
		A3B775182E191FA0006CF074 /* Build configuration list for PBXNativeTarget "Core_Flutter_NativeSideUITests" */ = {
			isa = XCConfigurationList;
			buildConfigurations = (
				A3B775192E191FA0006CF074 /* Debug */,
				A3B7751A2E191FA0006CF074 /* Release */,
			);
			defaultConfigurationIsVisible = 0;
			defaultConfigurationName = Release;
		};
/* End XCConfigurationList section */
	};
	rootObject = A3B774DF2E191F9F006CF074 /* Project object */;
}
